
Microsoft Visual Studio Solution File, Format Version 12.00
# Visual Studio Version 16
VisualStudioVersion = 16.0.30804.86
MinimumVisualStudioVersion = 15.0.26124.0
Project("{2150E333-8FDC-42A3-9474-1A3956D46DE8}") = "src", "src", "{DDA4741E-097F-40C3-A252-2E1E3476C1A7}"
EndProject
Project("{9A19103F-16F7-4668-BE54-9A1E7A4F7556}") = "SuperSocket.Primitives", "src\SuperSocket.Primitives\SuperSocket.Primitives.csproj", "{A1317CCC-70F4-4F32-84DE-2AAF68E346D2}"
EndProject
Project("{9A19103F-16F7-4668-BE54-9A1E7A4F7556}") = "SuperSocket.Channel", "src\SuperSocket.Channel\SuperSocket.Channel.csproj", "{829C73CC-6166-4DF8-9FAF-18B55E15D5B2}"
EndProject
Project("{9A19103F-16F7-4668-BE54-9A1E7A4F7556}") = "SuperSocket.ProtoBase", "src\SuperSocket.ProtoBase\SuperSocket.ProtoBase.csproj", "{7EE705BE-5645-451B-B5A2-50408F63A222}"
EndProject
Project("{9A19103F-16F7-4668-BE54-9A1E7A4F7556}") = "SuperSocket.Server", "src\SuperSocket.Server\SuperSocket.Server.csproj", "{0A6AD2CC-E14C-43FF-BDA8-0F6DD0290CA3}"
EndProject
Project("{2150E333-8FDC-42A3-9474-1A3956D46DE8}") = "test", "test", "{4040EEC4-6FB7-47B1-B487-23E043A0F52F}"
EndProject
Project("{9A19103F-16F7-4668-BE54-9A1E7A4F7556}") = "SuperSocket.Tests", "test\SuperSocket.Tests\SuperSocket.Tests.csproj", "{FF75EEF9-2CB9-4E6F-A5A8-38F2199B4B56}"
EndProject
Project("{9A19103F-16F7-4668-BE54-9A1E7A4F7556}") = "SuperSocket.Client", "src\SuperSocket.Client\SuperSocket.Client.csproj", "{E9B31C8C-EC67-486B-9972-F6B4452BF050}"
EndProject
Project("{9A19103F-16F7-4668-BE54-9A1E7A4F7556}") = "SuperSocket.Command", "src\SuperSocket.Command\SuperSocket.Command.csproj", "{E1C29FC7-8A20-4811-94A5-0B80F1632E9D}"
EndProject
Project("{9A19103F-16F7-4668-BE54-9A1E7A4F7556}") = "SuperSocket.WebSocket", "src\SuperSocket.WebSocket\SuperSocket.WebSocket.csproj", "{D648690B-1D08-4B8D-A299-681938B128F2}"
EndProject
Project("{9A19103F-16F7-4668-BE54-9A1E7A4F7556}") = "SuperSocket.WebSocket.Server", "src\SuperSocket.WebSocket.Server\SuperSocket.WebSocket.Server.csproj", "{4E9A4A13-0F74-4325-803A-351447336859}"
EndProject
Project("{9A19103F-16F7-4668-BE54-9A1E7A4F7556}") = "SuperSocket.SessionContainer", "src\SuperSocket.SessionContainer\SuperSocket.SessionContainer.csproj", "{46618C5F-987D-40B3-B882-1C4895001D61}"
EndProject
Project("{9A19103F-16F7-4668-BE54-9A1E7A4F7556}") = "SuperSocket.Client.Proxy", "src\SuperSocket.Client.Proxy\SuperSocket.Client.Proxy.csproj", "{62BC2056-F454-4E7A-86E5-1C2E866145AB}"
EndProject
Project("{9A19103F-16F7-4668-BE54-9A1E7A4F7556}") = "SuperSocket.Tests.Command", "test\SuperSocket.Tests.Command\SuperSocket.Tests.Command.csproj", "{A68F2204-5021-4657-AACC-971FEBA385EB}"
EndProject
Project("{9A19103F-16F7-4668-BE54-9A1E7A4F7556}") = "SuperSocket.Http", "src\SuperSocket.Http\SuperSocket.Http.csproj", "{1C563726-BBB3-4D2D-B426-6C1A72A5B959}"
EndProject
Project("{9A19103F-16F7-4668-BE54-9A1E7A4F7556}") = "SuperSocket.Benchmarks", "test\SuperSocket.Benchmarks\SuperSocket.Benchmarks.csproj", "{4DFB226C-2D1A-4346-B984-468A523209AF}"
EndProject
Project("{9A19103F-16F7-4668-BE54-9A1E7A4F7556}") = "SuperSocket.Udp", "src\SuperSocket.Udp\SuperSocket.Udp.csproj", "{695AA5D6-62C6-4D7E-8023-967CF134E26C}"
EndProject
Project("{2150E333-8FDC-42A3-9474-1A3956D46DE8}") = "JT808", "JT808", "{ECBC19FA-0731-430C-8617-9E72EA11644B}"
EndProject
Project("{9A19103F-16F7-4668-BE54-9A1E7A4F7556}") = "JT808.WebSocket.Server", "JT808\JT808.Server\JT808.WebSocket.Server.csproj", "{A336B48F-D765-49FF-AA2E-3546306A4963}"
EndProject
Project("{9A19103F-16F7-4668-BE54-9A1E7A4F7556}") = "JT808.Socket.Server", "JT808\JT808.Socket.Server\JT808.Socket.Server.csproj", "{283DCBBE-FCAF-4364-93A2-5349CD427218}"
EndProject
Project("{9A19103F-16F7-4668-BE54-9A1E7A4F7556}") = "JT808.Socket.Client", "JT808.Socket.Client\JT808.Socket.Client.csproj", "{44B390B9-ED59-4B8A-892C-D77217AC2F73}"
EndProject
Project("{2150E333-8FDC-42A3-9474-1A3956D46DE8}") = "Chat", "Chat", "{888D61ED-8B8C-4EC9-BDEF-96E5BA688A54}"
EndProject
Project("{9A19103F-16F7-4668-BE54-9A1E7A4F7556}") = "Chat.Server", "Chat\Chat.Server\Chat.Server.csproj", "{A03FB55A-8A0E-4091-B48B-3FD08E434732}"
EndProject
Project("{9A19103F-16F7-4668-BE54-9A1E7A4F7556}") = "Chat.Client", "Chat\Chat.Client\Chat.Client.csproj", "{F27C21F9-A144-426B-880D-0A128FE24E1F}"
EndProject
Project("{9A19103F-16F7-4668-BE54-9A1E7A4F7556}") = "Chat.Models", "Chat\Chat.Models\Chat.Models.csproj", "{620D3B9F-1C81-4DF0-9D64-A0C57DC97981}"
EndProject
Project("{2150E333-8FDC-42A3-9474-1A3956D46DE8}") = "UdpSupport", "UdpSupport", "{CCD3FBCA-014E-4BDA-8AEF-9BFD52EEC5EB}"
EndProject
Project("{9A19103F-16F7-4668-BE54-9A1E7A4F7556}") = "UdpClient", "UdpClient\UdpClient.csproj", "{03E948CC-AC3A-47B7-B9C7-CAC91202FDF6}"
EndProject
Project("{FAE04EC0-301F-11D3-BF4B-00C04F79EFBC}") = "UdpBlockTransferClient", "UdpBlockTransferClient\UdpBlockTransferClient\UdpBlockTransferClient.csproj", "{B406F256-EFE6-4901-8E4F-4D1612460581}"
EndProject
Global
	GlobalSection(SolutionConfigurationPlatforms) = preSolution
		Debug|Any CPU = Debug|Any CPU
		Debug|x64 = Debug|x64
		Debug|x86 = Debug|x86
		Release|Any CPU = Release|Any CPU
		Release|x64 = Release|x64
		Release|x86 = Release|x86
	EndGlobalSection
	GlobalSection(ProjectConfigurationPlatforms) = postSolution
		{A1317CCC-70F4-4F32-84DE-2AAF68E346D2}.Debug|Any CPU.ActiveCfg = Debug|Any CPU
		{A1317CCC-70F4-4F32-84DE-2AAF68E346D2}.Debug|Any CPU.Build.0 = Debug|Any CPU
		{A1317CCC-70F4-4F32-84DE-2AAF68E346D2}.Debug|x64.ActiveCfg = Debug|Any CPU
		{A1317CCC-70F4-4F32-84DE-2AAF68E346D2}.Debug|x64.Build.0 = Debug|Any CPU
		{A1317CCC-70F4-4F32-84DE-2AAF68E346D2}.Debug|x86.ActiveCfg = Debug|Any CPU
		{A1317CCC-70F4-4F32-84DE-2AAF68E346D2}.Debug|x86.Build.0 = Debug|Any CPU
		{A1317CCC-70F4-4F32-84DE-2AAF68E346D2}.Release|Any CPU.ActiveCfg = Release|Any CPU
		{A1317CCC-70F4-4F32-84DE-2AAF68E346D2}.Release|Any CPU.Build.0 = Release|Any CPU
		{A1317CCC-70F4-4F32-84DE-2AAF68E346D2}.Release|x64.ActiveCfg = Release|Any CPU
		{A1317CCC-70F4-4F32-84DE-2AAF68E346D2}.Release|x64.Build.0 = Release|Any CPU
		{A1317CCC-70F4-4F32-84DE-2AAF68E346D2}.Release|x86.ActiveCfg = Release|Any CPU
		{A1317CCC-70F4-4F32-84DE-2AAF68E346D2}.Release|x86.Build.0 = Release|Any CPU
		{829C73CC-6166-4DF8-9FAF-18B55E15D5B2}.Debug|Any CPU.ActiveCfg = Debug|Any CPU
		{829C73CC-6166-4DF8-9FAF-18B55E15D5B2}.Debug|Any CPU.Build.0 = Debug|Any CPU
		{829C73CC-6166-4DF8-9FAF-18B55E15D5B2}.Debug|x64.ActiveCfg = Debug|Any CPU
		{829C73CC-6166-4DF8-9FAF-18B55E15D5B2}.Debug|x64.Build.0 = Debug|Any CPU
		{829C73CC-6166-4DF8-9FAF-18B55E15D5B2}.Debug|x86.ActiveCfg = Debug|Any CPU
		{829C73CC-6166-4DF8-9FAF-18B55E15D5B2}.Debug|x86.Build.0 = Debug|Any CPU
		{829C73CC-6166-4DF8-9FAF-18B55E15D5B2}.Release|Any CPU.ActiveCfg = Release|Any CPU
		{829C73CC-6166-4DF8-9FAF-18B55E15D5B2}.Release|Any CPU.Build.0 = Release|Any CPU
		{829C73CC-6166-4DF8-9FAF-18B55E15D5B2}.Release|x64.ActiveCfg = Release|Any CPU
		{829C73CC-6166-4DF8-9FAF-18B55E15D5B2}.Release|x64.Build.0 = Release|Any CPU
		{829C73CC-6166-4DF8-9FAF-18B55E15D5B2}.Release|x86.ActiveCfg = Release|Any CPU
		{829C73CC-6166-4DF8-9FAF-18B55E15D5B2}.Release|x86.Build.0 = Release|Any CPU
		{7EE705BE-5645-451B-B5A2-50408F63A222}.Debug|Any CPU.ActiveCfg = Debug|Any CPU
		{7EE705BE-5645-451B-B5A2-50408F63A222}.Debug|Any CPU.Build.0 = Debug|Any CPU
		{7EE705BE-5645-451B-B5A2-50408F63A222}.Debug|x64.ActiveCfg = Debug|Any CPU
		{7EE705BE-5645-451B-B5A2-50408F63A222}.Debug|x64.Build.0 = Debug|Any CPU
		{7EE705BE-5645-451B-B5A2-50408F63A222}.Debug|x86.ActiveCfg = Debug|Any CPU
		{7EE705BE-5645-451B-B5A2-50408F63A222}.Debug|x86.Build.0 = Debug|Any CPU
		{7EE705BE-5645-451B-B5A2-50408F63A222}.Release|Any CPU.ActiveCfg = Release|Any CPU
		{7EE705BE-5645-451B-B5A2-50408F63A222}.Release|Any CPU.Build.0 = Release|Any CPU
		{7EE705BE-5645-451B-B5A2-50408F63A222}.Release|x64.ActiveCfg = Release|Any CPU
		{7EE705BE-5645-451B-B5A2-50408F63A222}.Release|x64.Build.0 = Release|Any CPU
		{7EE705BE-5645-451B-B5A2-50408F63A222}.Release|x86.ActiveCfg = Release|Any CPU
		{7EE705BE-5645-451B-B5A2-50408F63A222}.Release|x86.Build.0 = Release|Any CPU
		{0A6AD2CC-E14C-43FF-BDA8-0F6DD0290CA3}.Debug|Any CPU.ActiveCfg = Debug|Any CPU
		{0A6AD2CC-E14C-43FF-BDA8-0F6DD0290CA3}.Debug|Any CPU.Build.0 = Debug|Any CPU
		{0A6AD2CC-E14C-43FF-BDA8-0F6DD0290CA3}.Debug|x64.ActiveCfg = Debug|Any CPU
		{0A6AD2CC-E14C-43FF-BDA8-0F6DD0290CA3}.Debug|x64.Build.0 = Debug|Any CPU
		{0A6AD2CC-E14C-43FF-BDA8-0F6DD0290CA3}.Debug|x86.ActiveCfg = Debug|Any CPU
		{0A6AD2CC-E14C-43FF-BDA8-0F6DD0290CA3}.Debug|x86.Build.0 = Debug|Any CPU
		{0A6AD2CC-E14C-43FF-BDA8-0F6DD0290CA3}.Release|Any CPU.ActiveCfg = Release|Any CPU
		{0A6AD2CC-E14C-43FF-BDA8-0F6DD0290CA3}.Release|Any CPU.Build.0 = Release|Any CPU
		{0A6AD2CC-E14C-43FF-BDA8-0F6DD0290CA3}.Release|x64.ActiveCfg = Release|Any CPU
		{0A6AD2CC-E14C-43FF-BDA8-0F6DD0290CA3}.Release|x64.Build.0 = Release|Any CPU
		{0A6AD2CC-E14C-43FF-BDA8-0F6DD0290CA3}.Release|x86.ActiveCfg = Release|Any CPU
		{0A6AD2CC-E14C-43FF-BDA8-0F6DD0290CA3}.Release|x86.Build.0 = Release|Any CPU
		{FF75EEF9-2CB9-4E6F-A5A8-38F2199B4B56}.Debug|Any CPU.ActiveCfg = Debug|Any CPU
		{FF75EEF9-2CB9-4E6F-A5A8-38F2199B4B56}.Debug|Any CPU.Build.0 = Debug|Any CPU
		{FF75EEF9-2CB9-4E6F-A5A8-38F2199B4B56}.Debug|x64.ActiveCfg = Debug|Any CPU
		{FF75EEF9-2CB9-4E6F-A5A8-38F2199B4B56}.Debug|x64.Build.0 = Debug|Any CPU
		{FF75EEF9-2CB9-4E6F-A5A8-38F2199B4B56}.Debug|x86.ActiveCfg = Debug|Any CPU
		{FF75EEF9-2CB9-4E6F-A5A8-38F2199B4B56}.Debug|x86.Build.0 = Debug|Any CPU
		{FF75EEF9-2CB9-4E6F-A5A8-38F2199B4B56}.Release|Any CPU.ActiveCfg = Release|Any CPU
		{FF75EEF9-2CB9-4E6F-A5A8-38F2199B4B56}.Release|Any CPU.Build.0 = Release|Any CPU
		{FF75EEF9-2CB9-4E6F-A5A8-38F2199B4B56}.Release|x64.ActiveCfg = Release|Any CPU
		{FF75EEF9-2CB9-4E6F-A5A8-38F2199B4B56}.Release|x64.Build.0 = Release|Any CPU
		{FF75EEF9-2CB9-4E6F-A5A8-38F2199B4B56}.Release|x86.ActiveCfg = Release|Any CPU
		{FF75EEF9-2CB9-4E6F-A5A8-38F2199B4B56}.Release|x86.Build.0 = Release|Any CPU
		{E9B31C8C-EC67-486B-9972-F6B4452BF050}.Debug|Any CPU.ActiveCfg = Debug|Any CPU
		{E9B31C8C-EC67-486B-9972-F6B4452BF050}.Debug|Any CPU.Build.0 = Debug|Any CPU
		{E9B31C8C-EC67-486B-9972-F6B4452BF050}.Debug|x64.ActiveCfg = Debug|Any CPU
		{E9B31C8C-EC67-486B-9972-F6B4452BF050}.Debug|x64.Build.0 = Debug|Any CPU
		{E9B31C8C-EC67-486B-9972-F6B4452BF050}.Debug|x86.ActiveCfg = Debug|Any CPU
		{E9B31C8C-EC67-486B-9972-F6B4452BF050}.Debug|x86.Build.0 = Debug|Any CPU
		{E9B31C8C-EC67-486B-9972-F6B4452BF050}.Release|Any CPU.ActiveCfg = Release|Any CPU
		{E9B31C8C-EC67-486B-9972-F6B4452BF050}.Release|Any CPU.Build.0 = Release|Any CPU
		{E9B31C8C-EC67-486B-9972-F6B4452BF050}.Release|x64.ActiveCfg = Release|Any CPU
		{E9B31C8C-EC67-486B-9972-F6B4452BF050}.Release|x64.Build.0 = Release|Any CPU
		{E9B31C8C-EC67-486B-9972-F6B4452BF050}.Release|x86.ActiveCfg = Release|Any CPU
		{E9B31C8C-EC67-486B-9972-F6B4452BF050}.Release|x86.Build.0 = Release|Any CPU
		{E1C29FC7-8A20-4811-94A5-0B80F1632E9D}.Debug|Any CPU.ActiveCfg = Debug|Any CPU
		{E1C29FC7-8A20-4811-94A5-0B80F1632E9D}.Debug|Any CPU.Build.0 = Debug|Any CPU
		{E1C29FC7-8A20-4811-94A5-0B80F1632E9D}.Debug|x64.ActiveCfg = Debug|Any CPU
		{E1C29FC7-8A20-4811-94A5-0B80F1632E9D}.Debug|x64.Build.0 = Debug|Any CPU
		{E1C29FC7-8A20-4811-94A5-0B80F1632E9D}.Debug|x86.ActiveCfg = Debug|Any CPU
		{E1C29FC7-8A20-4811-94A5-0B80F1632E9D}.Debug|x86.Build.0 = Debug|Any CPU
		{E1C29FC7-8A20-4811-94A5-0B80F1632E9D}.Release|Any CPU.ActiveCfg = Release|Any CPU
		{E1C29FC7-8A20-4811-94A5-0B80F1632E9D}.Release|Any CPU.Build.0 = Release|Any CPU
		{E1C29FC7-8A20-4811-94A5-0B80F1632E9D}.Release|x64.ActiveCfg = Release|Any CPU
		{E1C29FC7-8A20-4811-94A5-0B80F1632E9D}.Release|x64.Build.0 = Release|Any CPU
		{E1C29FC7-8A20-4811-94A5-0B80F1632E9D}.Release|x86.ActiveCfg = Release|Any CPU
		{E1C29FC7-8A20-4811-94A5-0B80F1632E9D}.Release|x86.Build.0 = Release|Any CPU
		{D648690B-1D08-4B8D-A299-681938B128F2}.Debug|Any CPU.ActiveCfg = Debug|Any CPU
		{D648690B-1D08-4B8D-A299-681938B128F2}.Debug|Any CPU.Build.0 = Debug|Any CPU
		{D648690B-1D08-4B8D-A299-681938B128F2}.Debug|x64.ActiveCfg = Debug|Any CPU
		{D648690B-1D08-4B8D-A299-681938B128F2}.Debug|x64.Build.0 = Debug|Any CPU
		{D648690B-1D08-4B8D-A299-681938B128F2}.Debug|x86.ActiveCfg = Debug|Any CPU
		{D648690B-1D08-4B8D-A299-681938B128F2}.Debug|x86.Build.0 = Debug|Any CPU
		{D648690B-1D08-4B8D-A299-681938B128F2}.Release|Any CPU.ActiveCfg = Release|Any CPU
		{D648690B-1D08-4B8D-A299-681938B128F2}.Release|Any CPU.Build.0 = Release|Any CPU
		{D648690B-1D08-4B8D-A299-681938B128F2}.Release|x64.ActiveCfg = Release|Any CPU
		{D648690B-1D08-4B8D-A299-681938B128F2}.Release|x64.Build.0 = Release|Any CPU
		{D648690B-1D08-4B8D-A299-681938B128F2}.Release|x86.ActiveCfg = Release|Any CPU
		{D648690B-1D08-4B8D-A299-681938B128F2}.Release|x86.Build.0 = Release|Any CPU
		{4E9A4A13-0F74-4325-803A-351447336859}.Debug|Any CPU.ActiveCfg = Debug|Any CPU
		{4E9A4A13-0F74-4325-803A-351447336859}.Debug|Any CPU.Build.0 = Debug|Any CPU
		{4E9A4A13-0F74-4325-803A-351447336859}.Debug|x64.ActiveCfg = Debug|Any CPU
		{4E9A4A13-0F74-4325-803A-351447336859}.Debug|x64.Build.0 = Debug|Any CPU
		{4E9A4A13-0F74-4325-803A-351447336859}.Debug|x86.ActiveCfg = Debug|Any CPU
		{4E9A4A13-0F74-4325-803A-351447336859}.Debug|x86.Build.0 = Debug|Any CPU
		{4E9A4A13-0F74-4325-803A-351447336859}.Release|Any CPU.ActiveCfg = Release|Any CPU
		{4E9A4A13-0F74-4325-803A-351447336859}.Release|Any CPU.Build.0 = Release|Any CPU
		{4E9A4A13-0F74-4325-803A-351447336859}.Release|x64.ActiveCfg = Release|Any CPU
		{4E9A4A13-0F74-4325-803A-351447336859}.Release|x64.Build.0 = Release|Any CPU
		{4E9A4A13-0F74-4325-803A-351447336859}.Release|x86.ActiveCfg = Release|Any CPU
		{4E9A4A13-0F74-4325-803A-351447336859}.Release|x86.Build.0 = Release|Any CPU
		{46618C5F-987D-40B3-B882-1C4895001D61}.Debug|Any CPU.ActiveCfg = Debug|Any CPU
		{46618C5F-987D-40B3-B882-1C4895001D61}.Debug|Any CPU.Build.0 = Debug|Any CPU
		{46618C5F-987D-40B3-B882-1C4895001D61}.Debug|x64.ActiveCfg = Debug|Any CPU
		{46618C5F-987D-40B3-B882-1C4895001D61}.Debug|x64.Build.0 = Debug|Any CPU
		{46618C5F-987D-40B3-B882-1C4895001D61}.Debug|x86.ActiveCfg = Debug|Any CPU
		{46618C5F-987D-40B3-B882-1C4895001D61}.Debug|x86.Build.0 = Debug|Any CPU
		{46618C5F-987D-40B3-B882-1C4895001D61}.Release|Any CPU.ActiveCfg = Release|Any CPU
		{46618C5F-987D-40B3-B882-1C4895001D61}.Release|Any CPU.Build.0 = Release|Any CPU
		{46618C5F-987D-40B3-B882-1C4895001D61}.Release|x64.ActiveCfg = Release|Any CPU
		{46618C5F-987D-40B3-B882-1C4895001D61}.Release|x64.Build.0 = Release|Any CPU
		{46618C5F-987D-40B3-B882-1C4895001D61}.Release|x86.ActiveCfg = Release|Any CPU
		{46618C5F-987D-40B3-B882-1C4895001D61}.Release|x86.Build.0 = Release|Any CPU
		{62BC2056-F454-4E7A-86E5-1C2E866145AB}.Debug|Any CPU.ActiveCfg = Debug|Any CPU
		{62BC2056-F454-4E7A-86E5-1C2E866145AB}.Debug|Any CPU.Build.0 = Debug|Any CPU
		{62BC2056-F454-4E7A-86E5-1C2E866145AB}.Debug|x64.ActiveCfg = Debug|Any CPU
		{62BC2056-F454-4E7A-86E5-1C2E866145AB}.Debug|x64.Build.0 = Debug|Any CPU
		{62BC2056-F454-4E7A-86E5-1C2E866145AB}.Debug|x86.ActiveCfg = Debug|Any CPU
		{62BC2056-F454-4E7A-86E5-1C2E866145AB}.Debug|x86.Build.0 = Debug|Any CPU
		{62BC2056-F454-4E7A-86E5-1C2E866145AB}.Release|Any CPU.ActiveCfg = Release|Any CPU
		{62BC2056-F454-4E7A-86E5-1C2E866145AB}.Release|Any CPU.Build.0 = Release|Any CPU
		{62BC2056-F454-4E7A-86E5-1C2E866145AB}.Release|x64.ActiveCfg = Release|Any CPU
		{62BC2056-F454-4E7A-86E5-1C2E866145AB}.Release|x64.Build.0 = Release|Any CPU
		{62BC2056-F454-4E7A-86E5-1C2E866145AB}.Release|x86.ActiveCfg = Release|Any CPU
		{62BC2056-F454-4E7A-86E5-1C2E866145AB}.Release|x86.Build.0 = Release|Any CPU
		{A68F2204-5021-4657-AACC-971FEBA385EB}.Debug|Any CPU.ActiveCfg = Debug|Any CPU
		{A68F2204-5021-4657-AACC-971FEBA385EB}.Debug|Any CPU.Build.0 = Debug|Any CPU
		{A68F2204-5021-4657-AACC-971FEBA385EB}.Debug|x64.ActiveCfg = Debug|Any CPU
		{A68F2204-5021-4657-AACC-971FEBA385EB}.Debug|x64.Build.0 = Debug|Any CPU
		{A68F2204-5021-4657-AACC-971FEBA385EB}.Debug|x86.ActiveCfg = Debug|Any CPU
		{A68F2204-5021-4657-AACC-971FEBA385EB}.Debug|x86.Build.0 = Debug|Any CPU
		{A68F2204-5021-4657-AACC-971FEBA385EB}.Release|Any CPU.ActiveCfg = Release|Any CPU
		{A68F2204-5021-4657-AACC-971FEBA385EB}.Release|Any CPU.Build.0 = Release|Any CPU
		{A68F2204-5021-4657-AACC-971FEBA385EB}.Release|x64.ActiveCfg = Release|Any CPU
		{A68F2204-5021-4657-AACC-971FEBA385EB}.Release|x64.Build.0 = Release|Any CPU
		{A68F2204-5021-4657-AACC-971FEBA385EB}.Release|x86.ActiveCfg = Release|Any CPU
		{A68F2204-5021-4657-AACC-971FEBA385EB}.Release|x86.Build.0 = Release|Any CPU
		{1C563726-BBB3-4D2D-B426-6C1A72A5B959}.Debug|Any CPU.ActiveCfg = Debug|Any CPU
		{1C563726-BBB3-4D2D-B426-6C1A72A5B959}.Debug|Any CPU.Build.0 = Debug|Any CPU
		{1C563726-BBB3-4D2D-B426-6C1A72A5B959}.Debug|x64.ActiveCfg = Debug|Any CPU
		{1C563726-BBB3-4D2D-B426-6C1A72A5B959}.Debug|x64.Build.0 = Debug|Any CPU
		{1C563726-BBB3-4D2D-B426-6C1A72A5B959}.Debug|x86.ActiveCfg = Debug|Any CPU
		{1C563726-BBB3-4D2D-B426-6C1A72A5B959}.Debug|x86.Build.0 = Debug|Any CPU
		{1C563726-BBB3-4D2D-B426-6C1A72A5B959}.Release|Any CPU.ActiveCfg = Release|Any CPU
		{1C563726-BBB3-4D2D-B426-6C1A72A5B959}.Release|Any CPU.Build.0 = Release|Any CPU
		{1C563726-BBB3-4D2D-B426-6C1A72A5B959}.Release|x64.ActiveCfg = Release|Any CPU
		{1C563726-BBB3-4D2D-B426-6C1A72A5B959}.Release|x64.Build.0 = Release|Any CPU
		{1C563726-BBB3-4D2D-B426-6C1A72A5B959}.Release|x86.ActiveCfg = Release|Any CPU
		{1C563726-BBB3-4D2D-B426-6C1A72A5B959}.Release|x86.Build.0 = Release|Any CPU
		{4DFB226C-2D1A-4346-B984-468A523209AF}.Debug|Any CPU.ActiveCfg = Debug|Any CPU
		{4DFB226C-2D1A-4346-B984-468A523209AF}.Debug|Any CPU.Build.0 = Debug|Any CPU
		{4DFB226C-2D1A-4346-B984-468A523209AF}.Debug|x64.ActiveCfg = Debug|Any CPU
		{4DFB226C-2D1A-4346-B984-468A523209AF}.Debug|x64.Build.0 = Debug|Any CPU
		{4DFB226C-2D1A-4346-B984-468A523209AF}.Debug|x86.ActiveCfg = Debug|Any CPU
		{4DFB226C-2D1A-4346-B984-468A523209AF}.Debug|x86.Build.0 = Debug|Any CPU
		{4DFB226C-2D1A-4346-B984-468A523209AF}.Release|Any CPU.ActiveCfg = Release|Any CPU
		{4DFB226C-2D1A-4346-B984-468A523209AF}.Release|Any CPU.Build.0 = Release|Any CPU
		{4DFB226C-2D1A-4346-B984-468A523209AF}.Release|x64.ActiveCfg = Release|Any CPU
		{4DFB226C-2D1A-4346-B984-468A523209AF}.Release|x64.Build.0 = Release|Any CPU
		{4DFB226C-2D1A-4346-B984-468A523209AF}.Release|x86.ActiveCfg = Release|Any CPU
		{4DFB226C-2D1A-4346-B984-468A523209AF}.Release|x86.Build.0 = Release|Any CPU
		{695AA5D6-62C6-4D7E-8023-967CF134E26C}.Debug|Any CPU.ActiveCfg = Debug|Any CPU
		{695AA5D6-62C6-4D7E-8023-967CF134E26C}.Debug|Any CPU.Build.0 = Debug|Any CPU
		{695AA5D6-62C6-4D7E-8023-967CF134E26C}.Debug|x64.ActiveCfg = Debug|Any CPU
		{695AA5D6-62C6-4D7E-8023-967CF134E26C}.Debug|x64.Build.0 = Debug|Any CPU
		{695AA5D6-62C6-4D7E-8023-967CF134E26C}.Debug|x86.ActiveCfg = Debug|Any CPU
		{695AA5D6-62C6-4D7E-8023-967CF134E26C}.Debug|x86.Build.0 = Debug|Any CPU
		{695AA5D6-62C6-4D7E-8023-967CF134E26C}.Release|Any CPU.ActiveCfg = Release|Any CPU
		{695AA5D6-62C6-4D7E-8023-967CF134E26C}.Release|Any CPU.Build.0 = Release|Any CPU
		{695AA5D6-62C6-4D7E-8023-967CF134E26C}.Release|x64.ActiveCfg = Release|Any CPU
		{695AA5D6-62C6-4D7E-8023-967CF134E26C}.Release|x64.Build.0 = Release|Any CPU
		{695AA5D6-62C6-4D7E-8023-967CF134E26C}.Release|x86.ActiveCfg = Release|Any CPU
		{695AA5D6-62C6-4D7E-8023-967CF134E26C}.Release|x86.Build.0 = Release|Any CPU
		{A336B48F-D765-49FF-AA2E-3546306A4963}.Debug|Any CPU.ActiveCfg = Debug|Any CPU
		{A336B48F-D765-49FF-AA2E-3546306A4963}.Debug|Any CPU.Build.0 = Debug|Any CPU
		{A336B48F-D765-49FF-AA2E-3546306A4963}.Debug|x64.ActiveCfg = Debug|Any CPU
		{A336B48F-D765-49FF-AA2E-3546306A4963}.Debug|x64.Build.0 = Debug|Any CPU
		{A336B48F-D765-49FF-AA2E-3546306A4963}.Debug|x86.ActiveCfg = Debug|Any CPU
		{A336B48F-D765-49FF-AA2E-3546306A4963}.Debug|x86.Build.0 = Debug|Any CPU
		{A336B48F-D765-49FF-AA2E-3546306A4963}.Release|Any CPU.ActiveCfg = Release|Any CPU
		{A336B48F-D765-49FF-AA2E-3546306A4963}.Release|Any CPU.Build.0 = Release|Any CPU
		{A336B48F-D765-49FF-AA2E-3546306A4963}.Release|x64.ActiveCfg = Release|Any CPU
		{A336B48F-D765-49FF-AA2E-3546306A4963}.Release|x64.Build.0 = Release|Any CPU
		{A336B48F-D765-49FF-AA2E-3546306A4963}.Release|x86.ActiveCfg = Release|Any CPU
		{A336B48F-D765-49FF-AA2E-3546306A4963}.Release|x86.Build.0 = Release|Any CPU
		{283DCBBE-FCAF-4364-93A2-5349CD427218}.Debug|Any CPU.ActiveCfg = Debug|Any CPU
		{283DCBBE-FCAF-4364-93A2-5349CD427218}.Debug|Any CPU.Build.0 = Debug|Any CPU
		{283DCBBE-FCAF-4364-93A2-5349CD427218}.Debug|x64.ActiveCfg = Debug|Any CPU
		{283DCBBE-FCAF-4364-93A2-5349CD427218}.Debug|x64.Build.0 = Debug|Any CPU
		{283DCBBE-FCAF-4364-93A2-5349CD427218}.Debug|x86.ActiveCfg = Debug|Any CPU
		{283DCBBE-FCAF-4364-93A2-5349CD427218}.Debug|x86.Build.0 = Debug|Any CPU
		{283DCBBE-FCAF-4364-93A2-5349CD427218}.Release|Any CPU.ActiveCfg = Release|Any CPU
		{283DCBBE-FCAF-4364-93A2-5349CD427218}.Release|Any CPU.Build.0 = Release|Any CPU
		{283DCBBE-FCAF-4364-93A2-5349CD427218}.Release|x64.ActiveCfg = Release|Any CPU
		{283DCBBE-FCAF-4364-93A2-5349CD427218}.Release|x64.Build.0 = Release|Any CPU
		{283DCBBE-FCAF-4364-93A2-5349CD427218}.Release|x86.ActiveCfg = Release|Any CPU
		{283DCBBE-FCAF-4364-93A2-5349CD427218}.Release|x86.Build.0 = Release|Any CPU
		{44B390B9-ED59-4B8A-892C-D77217AC2F73}.Debug|Any CPU.ActiveCfg = Debug|Any CPU
		{44B390B9-ED59-4B8A-892C-D77217AC2F73}.Debug|Any CPU.Build.0 = Debug|Any CPU
		{44B390B9-ED59-4B8A-892C-D77217AC2F73}.Debug|x64.ActiveCfg = Debug|Any CPU
		{44B390B9-ED59-4B8A-892C-D77217AC2F73}.Debug|x64.Build.0 = Debug|Any CPU
		{44B390B9-ED59-4B8A-892C-D77217AC2F73}.Debug|x86.ActiveCfg = Debug|Any CPU
		{44B390B9-ED59-4B8A-892C-D77217AC2F73}.Debug|x86.Build.0 = Debug|Any CPU
		{44B390B9-ED59-4B8A-892C-D77217AC2F73}.Release|Any CPU.ActiveCfg = Release|Any CPU
		{44B390B9-ED59-4B8A-892C-D77217AC2F73}.Release|Any CPU.Build.0 = Release|Any CPU
		{44B390B9-ED59-4B8A-892C-D77217AC2F73}.Release|x64.ActiveCfg = Release|Any CPU
		{44B390B9-ED59-4B8A-892C-D77217AC2F73}.Release|x64.Build.0 = Release|Any CPU
		{44B390B9-ED59-4B8A-892C-D77217AC2F73}.Release|x86.ActiveCfg = Release|Any CPU
		{44B390B9-ED59-4B8A-892C-D77217AC2F73}.Release|x86.Build.0 = Release|Any CPU
		{A03FB55A-8A0E-4091-B48B-3FD08E434732}.Debug|Any CPU.ActiveCfg = Debug|Any CPU
		{A03FB55A-8A0E-4091-B48B-3FD08E434732}.Debug|Any CPU.Build.0 = Debug|Any CPU
		{A03FB55A-8A0E-4091-B48B-3FD08E434732}.Debug|x64.ActiveCfg = Debug|Any CPU
		{A03FB55A-8A0E-4091-B48B-3FD08E434732}.Debug|x64.Build.0 = Debug|Any CPU
		{A03FB55A-8A0E-4091-B48B-3FD08E434732}.Debug|x86.ActiveCfg = Debug|Any CPU
		{A03FB55A-8A0E-4091-B48B-3FD08E434732}.Debug|x86.Build.0 = Debug|Any CPU
		{A03FB55A-8A0E-4091-B48B-3FD08E434732}.Release|Any CPU.ActiveCfg = Release|Any CPU
		{A03FB55A-8A0E-4091-B48B-3FD08E434732}.Release|Any CPU.Build.0 = Release|Any CPU
		{A03FB55A-8A0E-4091-B48B-3FD08E434732}.Release|x64.ActiveCfg = Release|Any CPU
		{A03FB55A-8A0E-4091-B48B-3FD08E434732}.Release|x64.Build.0 = Release|Any CPU
		{A03FB55A-8A0E-4091-B48B-3FD08E434732}.Release|x86.ActiveCfg = Release|Any CPU
		{A03FB55A-8A0E-4091-B48B-3FD08E434732}.Release|x86.Build.0 = Release|Any CPU
		{F27C21F9-A144-426B-880D-0A128FE24E1F}.Debug|Any CPU.ActiveCfg = Debug|Any CPU
		{F27C21F9-A144-426B-880D-0A128FE24E1F}.Debug|Any CPU.Build.0 = Debug|Any CPU
		{F27C21F9-A144-426B-880D-0A128FE24E1F}.Debug|x64.ActiveCfg = Debug|Any CPU
		{F27C21F9-A144-426B-880D-0A128FE24E1F}.Debug|x64.Build.0 = Debug|Any CPU
		{F27C21F9-A144-426B-880D-0A128FE24E1F}.Debug|x86.ActiveCfg = Debug|Any CPU
		{F27C21F9-A144-426B-880D-0A128FE24E1F}.Debug|x86.Build.0 = Debug|Any CPU
		{F27C21F9-A144-426B-880D-0A128FE24E1F}.Release|Any CPU.ActiveCfg = Release|Any CPU
		{F27C21F9-A144-426B-880D-0A128FE24E1F}.Release|Any CPU.Build.0 = Release|Any CPU
		{F27C21F9-A144-426B-880D-0A128FE24E1F}.Release|x64.ActiveCfg = Release|Any CPU
		{F27C21F9-A144-426B-880D-0A128FE24E1F}.Release|x64.Build.0 = Release|Any CPU
		{F27C21F9-A144-426B-880D-0A128FE24E1F}.Release|x86.ActiveCfg = Release|Any CPU
		{F27C21F9-A144-426B-880D-0A128FE24E1F}.Release|x86.Build.0 = Release|Any CPU
		{620D3B9F-1C81-4DF0-9D64-A0C57DC97981}.Debug|Any CPU.ActiveCfg = Debug|Any CPU
		{620D3B9F-1C81-4DF0-9D64-A0C57DC97981}.Debug|Any CPU.Build.0 = Debug|Any CPU
		{620D3B9F-1C81-4DF0-9D64-A0C57DC97981}.Debug|x64.ActiveCfg = Debug|Any CPU
		{620D3B9F-1C81-4DF0-9D64-A0C57DC97981}.Debug|x64.Build.0 = Debug|Any CPU
		{620D3B9F-1C81-4DF0-9D64-A0C57DC97981}.Debug|x86.ActiveCfg = Debug|Any CPU
		{620D3B9F-1C81-4DF0-9D64-A0C57DC97981}.Debug|x86.Build.0 = Debug|Any CPU
		{620D3B9F-1C81-4DF0-9D64-A0C57DC97981}.Release|Any CPU.ActiveCfg = Release|Any CPU
		{620D3B9F-1C81-4DF0-9D64-A0C57DC97981}.Release|Any CPU.Build.0 = Release|Any CPU
		{620D3B9F-1C81-4DF0-9D64-A0C57DC97981}.Release|x64.ActiveCfg = Release|Any CPU
		{620D3B9F-1C81-4DF0-9D64-A0C57DC97981}.Release|x64.Build.0 = Release|Any CPU
		{620D3B9F-1C81-4DF0-9D64-A0C57DC97981}.Release|x86.ActiveCfg = Release|Any CPU
		{620D3B9F-1C81-4DF0-9D64-A0C57DC97981}.Release|x86.Build.0 = Release|Any CPU
		{03E948CC-AC3A-47B7-B9C7-CAC91202FDF6}.Debug|Any CPU.ActiveCfg = Debug|Any CPU
		{03E948CC-AC3A-47B7-B9C7-CAC91202FDF6}.Debug|Any CPU.Build.0 = Debug|Any CPU
		{03E948CC-AC3A-47B7-B9C7-CAC91202FDF6}.Debug|x64.ActiveCfg = Debug|Any CPU
		{03E948CC-AC3A-47B7-B9C7-CAC91202FDF6}.Debug|x64.Build.0 = Debug|Any CPU
		{03E948CC-AC3A-47B7-B9C7-CAC91202FDF6}.Debug|x86.ActiveCfg = Debug|Any CPU
		{03E948CC-AC3A-47B7-B9C7-CAC91202FDF6}.Debug|x86.Build.0 = Debug|Any CPU
		{03E948CC-AC3A-47B7-B9C7-CAC91202FDF6}.Release|Any CPU.ActiveCfg = Release|Any CPU
		{03E948CC-AC3A-47B7-B9C7-CAC91202FDF6}.Release|Any CPU.Build.0 = Release|Any CPU
		{03E948CC-AC3A-47B7-B9C7-CAC91202FDF6}.Release|x64.ActiveCfg = Release|Any CPU
		{03E948CC-AC3A-47B7-B9C7-CAC91202FDF6}.Release|x64.Build.0 = Release|Any CPU
		{03E948CC-AC3A-47B7-B9C7-CAC91202FDF6}.Release|x86.ActiveCfg = Release|Any CPU
		{03E948CC-AC3A-47B7-B9C7-CAC91202FDF6}.Release|x86.Build.0 = Release|Any CPU
		{B406F256-EFE6-4901-8E4F-4D1612460581}.Debug|Any CPU.ActiveCfg = Debug|Any CPU
		{B406F256-EFE6-4901-8E4F-4D1612460581}.Debug|Any CPU.Build.0 = Debug|Any CPU
		{B406F256-EFE6-4901-8E4F-4D1612460581}.Debug|x64.ActiveCfg = Debug|Any CPU
		{B406F256-EFE6-4901-8E4F-4D1612460581}.Debug|x64.Build.0 = Debug|Any CPU
		{B406F256-EFE6-4901-8E4F-4D1612460581}.Debug|x86.ActiveCfg = Debug|Any CPU
		{B406F256-EFE6-4901-8E4F-4D1612460581}.Debug|x86.Build.0 = Debug|Any CPU
		{B406F256-EFE6-4901-8E4F-4D1612460581}.Release|Any CPU.ActiveCfg = Release|Any CPU
		{B406F256-EFE6-4901-8E4F-4D1612460581}.Release|Any CPU.Build.0 = Release|Any CPU
		{B406F256-EFE6-4901-8E4F-4D1612460581}.Release|x64.ActiveCfg = Release|Any CPU
		{B406F256-EFE6-4901-8E4F-4D1612460581}.Release|x64.Build.0 = Release|Any CPU
		{B406F256-EFE6-4901-8E4F-4D1612460581}.Release|x86.ActiveCfg = Release|Any CPU
		{B406F256-EFE6-4901-8E4F-4D1612460581}.Release|x86.Build.0 = Release|Any CPU
	EndGlobalSection
	GlobalSection(SolutionProperties) = preSolution
		HideSolutionNode = FALSE
	EndGlobalSection
	GlobalSection(NestedProjects) = preSolution
		{A1317CCC-70F4-4F32-84DE-2AAF68E346D2} = {DDA4741E-097F-40C3-A252-2E1E3476C1A7}
		{829C73CC-6166-4DF8-9FAF-18B55E15D5B2} = {DDA4741E-097F-40C3-A252-2E1E3476C1A7}
		{7EE705BE-5645-451B-B5A2-50408F63A222} = {DDA4741E-097F-40C3-A252-2E1E3476C1A7}
		{0A6AD2CC-E14C-43FF-BDA8-0F6DD0290CA3} = {DDA4741E-097F-40C3-A252-2E1E3476C1A7}
		{FF75EEF9-2CB9-4E6F-A5A8-38F2199B4B56} = {4040EEC4-6FB7-47B1-B487-23E043A0F52F}
		{E9B31C8C-EC67-486B-9972-F6B4452BF050} = {DDA4741E-097F-40C3-A252-2E1E3476C1A7}
		{E1C29FC7-8A20-4811-94A5-0B80F1632E9D} = {DDA4741E-097F-40C3-A252-2E1E3476C1A7}
		{D648690B-1D08-4B8D-A299-681938B128F2} = {DDA4741E-097F-40C3-A252-2E1E3476C1A7}
		{4E9A4A13-0F74-4325-803A-351447336859} = {DDA4741E-097F-40C3-A252-2E1E3476C1A7}
		{46618C5F-987D-40B3-B882-1C4895001D61} = {DDA4741E-097F-40C3-A252-2E1E3476C1A7}
		{62BC2056-F454-4E7A-86E5-1C2E866145AB} = {DDA4741E-097F-40C3-A252-2E1E3476C1A7}
		{A68F2204-5021-4657-AACC-971FEBA385EB} = {4040EEC4-6FB7-47B1-B487-23E043A0F52F}
		{1C563726-BBB3-4D2D-B426-6C1A72A5B959} = {DDA4741E-097F-40C3-A252-2E1E3476C1A7}
		{4DFB226C-2D1A-4346-B984-468A523209AF} = {4040EEC4-6FB7-47B1-B487-23E043A0F52F}
		{695AA5D6-62C6-4D7E-8023-967CF134E26C} = {DDA4741E-097F-40C3-A252-2E1E3476C1A7}
		{A336B48F-D765-49FF-AA2E-3546306A4963} = {ECBC19FA-0731-430C-8617-9E72EA11644B}
		{283DCBBE-FCAF-4364-93A2-5349CD427218} = {ECBC19FA-0731-430C-8617-9E72EA11644B}
		{44B390B9-ED59-4B8A-892C-D77217AC2F73} = {ECBC19FA-0731-430C-8617-9E72EA11644B}
		{A03FB55A-8A0E-4091-B48B-3FD08E434732} = {888D61ED-8B8C-4EC9-BDEF-96E5BA688A54}
		{F27C21F9-A144-426B-880D-0A128FE24E1F} = {888D61ED-8B8C-4EC9-BDEF-96E5BA688A54}
		{620D3B9F-1C81-4DF0-9D64-A0C57DC97981} = {888D61ED-8B8C-4EC9-BDEF-96E5BA688A54}
		{03E948CC-AC3A-47B7-B9C7-CAC91202FDF6} = {CCD3FBCA-014E-4BDA-8AEF-9BFD52EEC5EB}
		{B406F256-EFE6-4901-8E4F-4D1612460581} = {CCD3FBCA-014E-4BDA-8AEF-9BFD52EEC5EB}
	EndGlobalSection
	GlobalSection(ExtensibilityGlobals) = postSolution
		SolutionGuid = {519205A0-1E19-4D0A-8E2F-327B7D2C385A}
	EndGlobalSection
EndGlobal
